
Microsoft Visual Studio Solution File, Format Version 12.00
# Visual Studio 14
VisualStudioVersion = 14.0.24720.0
MinimumVisualStudioVersion = 10.0.40219.1
Project("{F2A71F9B-5D33-465A-A702-920D77279786}") = "AdventOfCode.Domain", "AdventOfCode.Domain\AdventOfCode.Domain.fsproj", "{7278DEEB-7E24-443D-AFA5-42AC19648D54}"
EndProject
Project("{F2A71F9B-5D33-465A-A702-920D77279786}") = "AdventOfCode.Tests", "AdventOfCode.Tests\AdventOfCode.Tests.fsproj", "{4FE3E07C-509C-471C-B1B8-554BBB7B894C}"
EndProject
Project("{FAE04EC0-301F-11D3-BF4B-00C04F79EFBC}") = "AdventOfCode.CSharp", "AdventOfCode.CSharp\AdventOfCode.CSharp.csproj", "{A4CAB4E1-FA48-43BD-91B9-69846F0F6A00}"
EndProject
Project("{FAE04EC0-301F-11D3-BF4B-00C04F79EFBC}") = "AdventOfCode.CSharp.Run", "AdventOfCode.CSharp.Run\AdventOfCode.CSharp.Run.csproj", "{B30AED52-46C0-43DA-A226-26C81F32C167}"
EndProject
Global
	GlobalSection(SolutionConfigurationPlatforms) = preSolution
		Debug|Any CPU = Debug|Any CPU
		Release|Any CPU = Release|Any CPU
	EndGlobalSection
	GlobalSection(ProjectConfigurationPlatforms) = postSolution
		{7278DEEB-7E24-443D-AFA5-42AC19648D54}.Debug|Any CPU.ActiveCfg = Debug|Any CPU
		{7278DEEB-7E24-443D-AFA5-42AC19648D54}.Debug|Any CPU.Build.0 = Debug|Any CPU
		{7278DEEB-7E24-443D-AFA5-42AC19648D54}.Release|Any CPU.ActiveCfg = Release|Any CPU
		{7278DEEB-7E24-443D-AFA5-42AC19648D54}.Release|Any CPU.Build.0 = Release|Any CPU
		{4FE3E07C-509C-471C-B1B8-554BBB7B894C}.Debug|Any CPU.ActiveCfg = Debug|Any CPU
		{4FE3E07C-509C-471C-B1B8-554BBB7B894C}.Debug|Any CPU.Build.0 = Debug|Any CPU
		{4FE3E07C-509C-471C-B1B8-554BBB7B894C}.Release|Any CPU.ActiveCfg = Release|Any CPU
		{4FE3E07C-509C-471C-B1B8-554BBB7B894C}.Release|Any CPU.Build.0 = Release|Any CPU
		{A4CAB4E1-FA48-43BD-91B9-69846F0F6A00}.Debug|Any CPU.ActiveCfg = Debug|Any CPU
		{A4CAB4E1-FA48-43BD-91B9-69846F0F6A00}.Debug|Any CPU.Build.0 = Debug|Any CPU
		{A4CAB4E1-FA48-43BD-91B9-69846F0F6A00}.Release|Any CPU.ActiveCfg = Release|Any CPU
		{A4CAB4E1-FA48-43BD-91B9-69846F0F6A00}.Release|Any CPU.Build.0 = Release|Any CPU
		{B30AED52-46C0-43DA-A226-26C81F32C167}.Debug|Any CPU.ActiveCfg = Debug|Any CPU
		{B30AED52-46C0-43DA-A226-26C81F32C167}.Debug|Any CPU.Build.0 = Debug|Any CPU
		{B30AED52-46C0-43DA-A226-26C81F32C167}.Release|Any CPU.ActiveCfg = Release|Any CPU
		{B30AED52-46C0-43DA-A226-26C81F32C167}.Release|Any CPU.Build.0 = Release|Any CPU
	EndGlobalSection
	GlobalSection(SolutionProperties) = preSolution
		HideSolutionNode = FALSE
	EndGlobalSection
EndGlobal
